
Microsoft Visual Studio Solution File, Format Version 12.00
# Visual Studio Version 17
VisualStudioVersion = 17.11.35219.272
MinimumVisualStudioVersion = 10.0.40219.1
Project("{9A19103F-16F7-4668-BE54-9A1E7A4F7556}") = "Answer1-1_1", "Cw1-1_1\Answer1-1_1.csproj", "{BBE4F732-8CA0-4C33-8748-B8CF23FCBAAC}"
EndProject
Project("{2150E333-8FDC-42A3-9474-1A3956D46DE8}") = "Cw1-1", "Cw1-1", "{2B682A3E-0166-4633-8B1D-AF870917F6B5}"
EndProject
Project("{2150E333-8FDC-42A3-9474-1A3956D46DE8}") = "Cw1-2", "Cw1-2", "{9F0BB056-3A17-469B-943C-4079D0D16DB7}"
EndProject
Project("{9A19103F-16F7-4668-BE54-9A1E7A4F7556}") = "Answer1-1_2", "Answer2\Answer1-1_2.csproj", "{D1776BD7-FE05-46EF-AB1A-CDDED2ACE00F}"
EndProject
Project("{2150E333-8FDC-42A3-9474-1A3956D46DE8}") = "HW1", "HW1", "{AB538C19-D647-4282-BC7C-6643493372AF}"
EndProject
Project("{9A19103F-16F7-4668-BE54-9A1E7A4F7556}") = "Answer1-1_3", "Answer3\Answer1-1_3.csproj", "{8E1418F6-6E70-4FEF-861C-0D179D473CAF}"
EndProject
Project("{9A19103F-16F7-4668-BE54-9A1E7A4F7556}") = "Answer1-1_4", "Answer4\Answer1-1_4.csproj", "{41116D1E-60CB-4FA2-8EEF-B78141F46BB7}"
EndProject
Project("{9A19103F-16F7-4668-BE54-9A1E7A4F7556}") = "Answer1-1_5", "Answer5\Answer1-1_5.csproj", "{B46EC0F0-CE91-482F-BBD6-DB21DF4C757B}"
EndProject
Project("{9A19103F-16F7-4668-BE54-9A1E7A4F7556}") = "Answer1-1_6", "Answer6\Answer1-1_6.csproj", "{3FA3E518-2263-4830-AF9B-23AFD9CA9E5F}"
EndProject
Project("{9A19103F-16F7-4668-BE54-9A1E7A4F7556}") = "Answer1-2_1", "Answer1_1-2\Answer1-2_1.csproj", "{273B09C8-D637-4D13-8468-7CFA6CDD54CB}"
EndProject
Project("{9A19103F-16F7-4668-BE54-9A1E7A4F7556}") = "Answer1-2_2", "Answer1-2_2\Answer1-2_2.csproj", "{F2C1F118-2C6D-4BFF-859D-433B73637DFA}"
EndProject
Project("{9A19103F-16F7-4668-BE54-9A1E7A4F7556}") = "Answer1-2_3", "Answer1-2_3\Answer1-2_3.csproj", "{CD966565-AD78-4275-A506-8AA7E5AF9EBC}"
EndProject
Project("{9A19103F-16F7-4668-BE54-9A1E7A4F7556}") = "Answer1-2_4", "Answer1-2_4\Answer1-2_4.csproj", "{CE8B8D13-E1C8-4B5D-B0CA-903CE852675C}"
EndProject
Project("{9A19103F-16F7-4668-BE54-9A1E7A4F7556}") = "Answer1-2_5", "Answer1-2_5\Answer1-2_5.csproj", "{AF57D8CA-83EB-4466-B831-4783D7C0D82A}"
EndProject
Project("{9A19103F-16F7-4668-BE54-9A1E7A4F7556}") = "Answer1-2_6", "Answer1-2_6\Answer1-2_6.csproj", "{BF8DA0ED-DE87-45BC-B7B7-DF18841BE7B6}"
EndProject
Project("{9A19103F-16F7-4668-BE54-9A1E7A4F7556}") = "Answer1_1", "Answer1_1\Answer1_1.csproj", "{A9E12757-EE95-422E-A378-B55C13B6EB09}"
EndProject
Project("{9A19103F-16F7-4668-BE54-9A1E7A4F7556}") = "Answer1_2", "Answer1_2\Answer1_2.csproj", "{74CC8C2E-FA0F-4979-AE21-559119A225B3}"
EndProject
Project("{9A19103F-16F7-4668-BE54-9A1E7A4F7556}") = "Answer1_3", "Answr1_3\Answer1_3.csproj", "{6F46B10F-2E88-49B9-B016-AAEDBB953768}"
EndProject
Project("{9A19103F-16F7-4668-BE54-9A1E7A4F7556}") = "Answer1_4", "Answer1_4\Answer1_4.csproj", "{824900DA-7D38-4C22-8110-EC53343030C1}"
EndProject
Project("{9A19103F-16F7-4668-BE54-9A1E7A4F7556}") = "Answer1_5", "Answer1_5\Answer1_5.csproj", "{AD1F8BE4-0C0E-4E44-B91E-A6125C6D6FA7}"
EndProject
Project("{9A19103F-16F7-4668-BE54-9A1E7A4F7556}") = "Answer1_6", "Answer1_6\Answer1_6.csproj", "{EBD78018-4343-4661-B47E-FB464AA73A66}"
EndProject
Project("{9A19103F-16F7-4668-BE54-9A1E7A4F7556}") = "Answer1_7", "Answer1_7\Answer1_7.csproj", "{3B7D67DD-FB62-489D-9200-F33F93DFF7F3}"
EndProject
Project("{2150E333-8FDC-42A3-9474-1A3956D46DE8}") = "Cw2-1", "Cw2-1", "{242B216E-7069-4CC9-B994-A6D2D3DC45F8}"
EndProject
Project("{9A19103F-16F7-4668-BE54-9A1E7A4F7556}") = "Answer2-1_1-a", "Answer1-a\Answer2-1_1-a.csproj", "{1C79865B-1B26-46D9-957F-42C1303CA777}"
EndProject
Project("{9A19103F-16F7-4668-BE54-9A1E7A4F7556}") = "Answer2-1_1-b", "Answer1-b\Answer2-1_1-b.csproj", "{7F6B767D-871C-473F-B304-E9FAA5493041}"
EndProject
Project("{9A19103F-16F7-4668-BE54-9A1E7A4F7556}") = "Answer2-1_1-c", "Answer1-c\Answer2-1_1-c.csproj", "{B94AF5B1-75F8-458F-B7A1-801D3F1C246E}"
EndProject
Project("{9A19103F-16F7-4668-BE54-9A1E7A4F7556}") = "Answer2-1_2", "Answer2-1_2\Answer2-1_2.csproj", "{63E236A9-4C94-43FB-B844-AA911F6221A0}"
EndProject
Project("{9A19103F-16F7-4668-BE54-9A1E7A4F7556}") = "Answer2-1_3", "Answer2-1_3\Answer2-1_3.csproj", "{9A702148-27F6-4918-91D9-9899252ACDE4}"
EndProject
Project("{9A19103F-16F7-4668-BE54-9A1E7A4F7556}") = "Answer2-1_4-a", "Answer2-1_4-a\Answer2-1_4-a.csproj", "{8E49B313-3F66-4C27-8AF3-275F8311DCED}"
EndProject
Project("{9A19103F-16F7-4668-BE54-9A1E7A4F7556}") = "Answer2-1_4-b", "Answer2-1_4-b\Answer2-1_4-b.csproj", "{A38DB559-722B-487C-A956-0FA92CCB81CC}"
EndProject
Project("{2150E333-8FDC-42A3-9474-1A3956D46DE8}") = "CW3-1", "CW3-1", "{D087794E-931B-491C-85BF-DD40FF74C4B6}"
EndProject
Project("{9A19103F-16F7-4668-BE54-9A1E7A4F7556}") = "1", "1\1.csproj", "{92F94A05-1E8E-4449-895A-AAC323D90308}"
EndProject
Project("{9A19103F-16F7-4668-BE54-9A1E7A4F7556}") = "2", "2\2.csproj", "{4297B673-8886-477A-8161-B5FF1A0617E9}"
EndProject
Project("{9A19103F-16F7-4668-BE54-9A1E7A4F7556}") = "3", "3\3.csproj", "{AC6D2910-533C-4A84-8D62-CFEECFD5E7C1}"
EndProject
Project("{2150E333-8FDC-42A3-9474-1A3956D46DE8}") = "CW3-2", "CW3-2", "{36AF592F-4785-449F-8EEB-D30B4F2AE4AF}"
EndProject
Project("{9A19103F-16F7-4668-BE54-9A1E7A4F7556}") = "Answer1", "Answer1\Answer1.csproj", "{FE5D83F2-B280-4F25-9E8E-6720649F3CF7}"
EndProject
Project("{9A19103F-16F7-4668-BE54-9A1E7A4F7556}") = "Answer-2", "Answer-2\Answer-2.csproj", "{2EABBF5D-A793-4F50-99F7-4F7B09F78F39}"
EndProject
Project("{9A19103F-16F7-4668-BE54-9A1E7A4F7556}") = "Answer-3", "Answer-3\Answer-3.csproj", "{313D21FA-3C9D-458F-ACA0-1CF3AEA7AB8E}"
EndProject
Project("{2150E333-8FDC-42A3-9474-1A3956D46DE8}") = "CW3-3", "CW3-3", "{319BC0D1-00DB-41E7-BDC2-1CF47E8EF382}"
EndProject
Project("{9A19103F-16F7-4668-BE54-9A1E7A4F7556}") = "1-Abstract", "1-Abstract\1-Abstract.csproj", "{1E927CEA-0A04-4D7C-962C-2F5FE82C72C0}"
EndProject
Project("{9A19103F-16F7-4668-BE54-9A1E7A4F7556}") = "2-FindNumber", "2-FindNumber\2-FindNumber.csproj", "{03D875F1-CF1B-45C1-9E51-629114AE99A8}"
EndProject
Project("{9A19103F-16F7-4668-BE54-9A1E7A4F7556}") = "3-ValidMobile", "3-ValidMobile\3-ValidMobile.csproj", "{A2EA6890-BC33-43E7-92DF-2A8175D107EE}"
EndProject
Project("{9A19103F-16F7-4668-BE54-9A1E7A4F7556}") = "4-Interface", "4-Interface\4-Interface.csproj", "{91A8BE9D-0E4B-4CA1-9352-581D21E57C30}"
EndProject
Project("{9A19103F-16F7-4668-BE54-9A1E7A4F7556}") = "5- Properies", "5- Properies\5- Properies.csproj", "{AA54A33C-268B-474D-86F6-F3C9E1A12955}"
EndProject
Project("{2150E333-8FDC-42A3-9474-1A3956D46DE8}") = "HW3", "HW3", "{A5185F3A-F6AE-4C56-996E-D43A9D0F592B}"
EndProject
Project("{9A19103F-16F7-4668-BE54-9A1E7A4F7556}") = "1-BinarySearch", "1-BinarySearch\1-BinarySearch.csproj", "{7525F16F-8DD9-432A-A5B1-5C645C3A4B56}"
EndProject
Project("{9A19103F-16F7-4668-BE54-9A1E7A4F7556}") = "2- Coin", "2- Coin\2- Coin.csproj", "{E2DBF7F8-E1B7-41AD-8CB9-EF8FD1D0EE2B}"
EndProject
Project("{9A19103F-16F7-4668-BE54-9A1E7A4F7556}") = "3- ExtensionMethod", "3- ConvertMiladiToShamsi\3- ExtensionMethod.csproj", "{EBBE0A5E-452C-4DFD-9057-B3AF726E1A51}"
EndProject
Project("{2150E333-8FDC-42A3-9474-1A3956D46DE8}") = "CW4-1", "CW4-1", "{6CCCA82A-8BD2-446B-95F2-59A0627DD3C2}"
EndProject
Project("{9A19103F-16F7-4668-BE54-9A1E7A4F7556}") = "LoginRegisterUser", "A\LoginRegisterUser.csproj", "{55937AC4-D792-4090-B837-7DF9B8EA05EE}"
EndProject
Project("{2150E333-8FDC-42A3-9474-1A3956D46DE8}") = "CW4-2-AI", "CW4-2-AI", "{87C9C43F-6005-4B05-8965-4F1ABAF4D603}"
EndProject
Project("{FAE04EC0-301F-11D3-BF4B-00C04F79EFBC}") = "buildingManagment", "buildingManagment\buildingManagment.csproj", "{5BB84D99-3632-4324-8904-CF104E7710A8}"
EndProject
Project("{2150E333-8FDC-42A3-9474-1A3956D46DE8}") = "CW5", "CW5", "{58F41465-F0FE-4B87-B88D-3B888701A47C}"
EndProject
Project("{2150E333-8FDC-42A3-9474-1A3956D46DE8}") = "CW4-2", "CW4-2", "{EAE18406-8A18-420A-A71C-3BDB88829FCA}"
EndProject
Project("{FAE04EC0-301F-11D3-BF4B-00C04F79EFBC}") = "BuildingManage", "BuildingManage\BuildingManage.csproj", "{5C31F349-0E1F-4909-AC1D-667C55B83B7C}"
EndProject
Project("{2150E333-8FDC-42A3-9474-1A3956D46DE8}") = "HW4-AI", "HW4-AI", "{D7D4EA93-72AD-4EC4-9DDB-EF92F983559C}"
EndProject
Project("{FAE04EC0-301F-11D3-BF4B-00C04F79EFBC}") = "ElectronicLibrary", "ElectronicLibrary\ElectronicLibrary.csproj", "{94C4C23E-CC84-4C20-A1FF-D6EBBD283A02}"
EndProject
Global
	GlobalSection(SolutionConfigurationPlatforms) = preSolution
		Debug|Any CPU = Debug|Any CPU
		Release|Any CPU = Release|Any CPU
	EndGlobalSection
	GlobalSection(ProjectConfigurationPlatforms) = postSolution
		{BBE4F732-8CA0-4C33-8748-B8CF23FCBAAC}.Debug|Any CPU.ActiveCfg = Debug|Any CPU
		{BBE4F732-8CA0-4C33-8748-B8CF23FCBAAC}.Debug|Any CPU.Build.0 = Debug|Any CPU
		{BBE4F732-8CA0-4C33-8748-B8CF23FCBAAC}.Release|Any CPU.ActiveCfg = Release|Any CPU
		{BBE4F732-8CA0-4C33-8748-B8CF23FCBAAC}.Release|Any CPU.Build.0 = Release|Any CPU
		{D1776BD7-FE05-46EF-AB1A-CDDED2ACE00F}.Debug|Any CPU.ActiveCfg = Debug|Any CPU
		{D1776BD7-FE05-46EF-AB1A-CDDED2ACE00F}.Debug|Any CPU.Build.0 = Debug|Any CPU
		{D1776BD7-FE05-46EF-AB1A-CDDED2ACE00F}.Release|Any CPU.ActiveCfg = Release|Any CPU
		{D1776BD7-FE05-46EF-AB1A-CDDED2ACE00F}.Release|Any CPU.Build.0 = Release|Any CPU
		{8E1418F6-6E70-4FEF-861C-0D179D473CAF}.Debug|Any CPU.ActiveCfg = Debug|Any CPU
		{8E1418F6-6E70-4FEF-861C-0D179D473CAF}.Debug|Any CPU.Build.0 = Debug|Any CPU
		{8E1418F6-6E70-4FEF-861C-0D179D473CAF}.Release|Any CPU.ActiveCfg = Release|Any CPU
		{8E1418F6-6E70-4FEF-861C-0D179D473CAF}.Release|Any CPU.Build.0 = Release|Any CPU
		{41116D1E-60CB-4FA2-8EEF-B78141F46BB7}.Debug|Any CPU.ActiveCfg = Debug|Any CPU
		{41116D1E-60CB-4FA2-8EEF-B78141F46BB7}.Debug|Any CPU.Build.0 = Debug|Any CPU
		{41116D1E-60CB-4FA2-8EEF-B78141F46BB7}.Release|Any CPU.ActiveCfg = Release|Any CPU
		{41116D1E-60CB-4FA2-8EEF-B78141F46BB7}.Release|Any CPU.Build.0 = Release|Any CPU
		{B46EC0F0-CE91-482F-BBD6-DB21DF4C757B}.Debug|Any CPU.ActiveCfg = Debug|Any CPU
		{B46EC0F0-CE91-482F-BBD6-DB21DF4C757B}.Debug|Any CPU.Build.0 = Debug|Any CPU
		{B46EC0F0-CE91-482F-BBD6-DB21DF4C757B}.Release|Any CPU.ActiveCfg = Release|Any CPU
		{B46EC0F0-CE91-482F-BBD6-DB21DF4C757B}.Release|Any CPU.Build.0 = Release|Any CPU
		{3FA3E518-2263-4830-AF9B-23AFD9CA9E5F}.Debug|Any CPU.ActiveCfg = Debug|Any CPU
		{3FA3E518-2263-4830-AF9B-23AFD9CA9E5F}.Debug|Any CPU.Build.0 = Debug|Any CPU
		{3FA3E518-2263-4830-AF9B-23AFD9CA9E5F}.Release|Any CPU.ActiveCfg = Release|Any CPU
		{3FA3E518-2263-4830-AF9B-23AFD9CA9E5F}.Release|Any CPU.Build.0 = Release|Any CPU
		{273B09C8-D637-4D13-8468-7CFA6CDD54CB}.Debug|Any CPU.ActiveCfg = Debug|Any CPU
		{273B09C8-D637-4D13-8468-7CFA6CDD54CB}.Debug|Any CPU.Build.0 = Debug|Any CPU
		{273B09C8-D637-4D13-8468-7CFA6CDD54CB}.Release|Any CPU.ActiveCfg = Release|Any CPU
		{273B09C8-D637-4D13-8468-7CFA6CDD54CB}.Release|Any CPU.Build.0 = Release|Any CPU
		{F2C1F118-2C6D-4BFF-859D-433B73637DFA}.Debug|Any CPU.ActiveCfg = Debug|Any CPU
		{F2C1F118-2C6D-4BFF-859D-433B73637DFA}.Debug|Any CPU.Build.0 = Debug|Any CPU
		{F2C1F118-2C6D-4BFF-859D-433B73637DFA}.Release|Any CPU.ActiveCfg = Release|Any CPU
		{F2C1F118-2C6D-4BFF-859D-433B73637DFA}.Release|Any CPU.Build.0 = Release|Any CPU
		{CD966565-AD78-4275-A506-8AA7E5AF9EBC}.Debug|Any CPU.ActiveCfg = Debug|Any CPU
		{CD966565-AD78-4275-A506-8AA7E5AF9EBC}.Debug|Any CPU.Build.0 = Debug|Any CPU
		{CD966565-AD78-4275-A506-8AA7E5AF9EBC}.Release|Any CPU.ActiveCfg = Release|Any CPU
		{CD966565-AD78-4275-A506-8AA7E5AF9EBC}.Release|Any CPU.Build.0 = Release|Any CPU
		{CE8B8D13-E1C8-4B5D-B0CA-903CE852675C}.Debug|Any CPU.ActiveCfg = Debug|Any CPU
		{CE8B8D13-E1C8-4B5D-B0CA-903CE852675C}.Debug|Any CPU.Build.0 = Debug|Any CPU
		{CE8B8D13-E1C8-4B5D-B0CA-903CE852675C}.Release|Any CPU.ActiveCfg = Release|Any CPU
		{CE8B8D13-E1C8-4B5D-B0CA-903CE852675C}.Release|Any CPU.Build.0 = Release|Any CPU
		{AF57D8CA-83EB-4466-B831-4783D7C0D82A}.Debug|Any CPU.ActiveCfg = Debug|Any CPU
		{AF57D8CA-83EB-4466-B831-4783D7C0D82A}.Debug|Any CPU.Build.0 = Debug|Any CPU
		{AF57D8CA-83EB-4466-B831-4783D7C0D82A}.Release|Any CPU.ActiveCfg = Release|Any CPU
		{AF57D8CA-83EB-4466-B831-4783D7C0D82A}.Release|Any CPU.Build.0 = Release|Any CPU
		{BF8DA0ED-DE87-45BC-B7B7-DF18841BE7B6}.Debug|Any CPU.ActiveCfg = Debug|Any CPU
		{BF8DA0ED-DE87-45BC-B7B7-DF18841BE7B6}.Debug|Any CPU.Build.0 = Debug|Any CPU
		{BF8DA0ED-DE87-45BC-B7B7-DF18841BE7B6}.Release|Any CPU.ActiveCfg = Release|Any CPU
		{BF8DA0ED-DE87-45BC-B7B7-DF18841BE7B6}.Release|Any CPU.Build.0 = Release|Any CPU
		{A9E12757-EE95-422E-A378-B55C13B6EB09}.Debug|Any CPU.ActiveCfg = Debug|Any CPU
		{A9E12757-EE95-422E-A378-B55C13B6EB09}.Debug|Any CPU.Build.0 = Debug|Any CPU
		{A9E12757-EE95-422E-A378-B55C13B6EB09}.Release|Any CPU.ActiveCfg = Release|Any CPU
		{A9E12757-EE95-422E-A378-B55C13B6EB09}.Release|Any CPU.Build.0 = Release|Any CPU
		{74CC8C2E-FA0F-4979-AE21-559119A225B3}.Debug|Any CPU.ActiveCfg = Debug|Any CPU
		{74CC8C2E-FA0F-4979-AE21-559119A225B3}.Debug|Any CPU.Build.0 = Debug|Any CPU
		{74CC8C2E-FA0F-4979-AE21-559119A225B3}.Release|Any CPU.ActiveCfg = Release|Any CPU
		{74CC8C2E-FA0F-4979-AE21-559119A225B3}.Release|Any CPU.Build.0 = Release|Any CPU
		{6F46B10F-2E88-49B9-B016-AAEDBB953768}.Debug|Any CPU.ActiveCfg = Debug|Any CPU
		{6F46B10F-2E88-49B9-B016-AAEDBB953768}.Debug|Any CPU.Build.0 = Debug|Any CPU
		{6F46B10F-2E88-49B9-B016-AAEDBB953768}.Release|Any CPU.ActiveCfg = Release|Any CPU
		{6F46B10F-2E88-49B9-B016-AAEDBB953768}.Release|Any CPU.Build.0 = Release|Any CPU
		{824900DA-7D38-4C22-8110-EC53343030C1}.Debug|Any CPU.ActiveCfg = Debug|Any CPU
		{824900DA-7D38-4C22-8110-EC53343030C1}.Debug|Any CPU.Build.0 = Debug|Any CPU
		{824900DA-7D38-4C22-8110-EC53343030C1}.Release|Any CPU.ActiveCfg = Release|Any CPU
		{824900DA-7D38-4C22-8110-EC53343030C1}.Release|Any CPU.Build.0 = Release|Any CPU
		{AD1F8BE4-0C0E-4E44-B91E-A6125C6D6FA7}.Debug|Any CPU.ActiveCfg = Debug|Any CPU
		{AD1F8BE4-0C0E-4E44-B91E-A6125C6D6FA7}.Debug|Any CPU.Build.0 = Debug|Any CPU
		{AD1F8BE4-0C0E-4E44-B91E-A6125C6D6FA7}.Release|Any CPU.ActiveCfg = Release|Any CPU
		{AD1F8BE4-0C0E-4E44-B91E-A6125C6D6FA7}.Release|Any CPU.Build.0 = Release|Any CPU
		{EBD78018-4343-4661-B47E-FB464AA73A66}.Debug|Any CPU.ActiveCfg = Debug|Any CPU
		{EBD78018-4343-4661-B47E-FB464AA73A66}.Debug|Any CPU.Build.0 = Debug|Any CPU
		{EBD78018-4343-4661-B47E-FB464AA73A66}.Release|Any CPU.ActiveCfg = Release|Any CPU
		{EBD78018-4343-4661-B47E-FB464AA73A66}.Release|Any CPU.Build.0 = Release|Any CPU
		{3B7D67DD-FB62-489D-9200-F33F93DFF7F3}.Debug|Any CPU.ActiveCfg = Debug|Any CPU
		{3B7D67DD-FB62-489D-9200-F33F93DFF7F3}.Debug|Any CPU.Build.0 = Debug|Any CPU
		{3B7D67DD-FB62-489D-9200-F33F93DFF7F3}.Release|Any CPU.ActiveCfg = Release|Any CPU
		{3B7D67DD-FB62-489D-9200-F33F93DFF7F3}.Release|Any CPU.Build.0 = Release|Any CPU
		{1C79865B-1B26-46D9-957F-42C1303CA777}.Debug|Any CPU.ActiveCfg = Debug|Any CPU
		{1C79865B-1B26-46D9-957F-42C1303CA777}.Debug|Any CPU.Build.0 = Debug|Any CPU
		{1C79865B-1B26-46D9-957F-42C1303CA777}.Release|Any CPU.ActiveCfg = Release|Any CPU
		{1C79865B-1B26-46D9-957F-42C1303CA777}.Release|Any CPU.Build.0 = Release|Any CPU
		{7F6B767D-871C-473F-B304-E9FAA5493041}.Debug|Any CPU.ActiveCfg = Debug|Any CPU
		{7F6B767D-871C-473F-B304-E9FAA5493041}.Debug|Any CPU.Build.0 = Debug|Any CPU
		{7F6B767D-871C-473F-B304-E9FAA5493041}.Release|Any CPU.ActiveCfg = Release|Any CPU
		{7F6B767D-871C-473F-B304-E9FAA5493041}.Release|Any CPU.Build.0 = Release|Any CPU
		{B94AF5B1-75F8-458F-B7A1-801D3F1C246E}.Debug|Any CPU.ActiveCfg = Debug|Any CPU
		{B94AF5B1-75F8-458F-B7A1-801D3F1C246E}.Debug|Any CPU.Build.0 = Debug|Any CPU
		{B94AF5B1-75F8-458F-B7A1-801D3F1C246E}.Release|Any CPU.ActiveCfg = Release|Any CPU
		{B94AF5B1-75F8-458F-B7A1-801D3F1C246E}.Release|Any CPU.Build.0 = Release|Any CPU
		{63E236A9-4C94-43FB-B844-AA911F6221A0}.Debug|Any CPU.ActiveCfg = Debug|Any CPU
		{63E236A9-4C94-43FB-B844-AA911F6221A0}.Debug|Any CPU.Build.0 = Debug|Any CPU
		{63E236A9-4C94-43FB-B844-AA911F6221A0}.Release|Any CPU.ActiveCfg = Release|Any CPU
		{63E236A9-4C94-43FB-B844-AA911F6221A0}.Release|Any CPU.Build.0 = Release|Any CPU
		{9A702148-27F6-4918-91D9-9899252ACDE4}.Debug|Any CPU.ActiveCfg = Debug|Any CPU
		{9A702148-27F6-4918-91D9-9899252ACDE4}.Debug|Any CPU.Build.0 = Debug|Any CPU
		{9A702148-27F6-4918-91D9-9899252ACDE4}.Release|Any CPU.ActiveCfg = Release|Any CPU
		{9A702148-27F6-4918-91D9-9899252ACDE4}.Release|Any CPU.Build.0 = Release|Any CPU
		{8E49B313-3F66-4C27-8AF3-275F8311DCED}.Debug|Any CPU.ActiveCfg = Debug|Any CPU
		{8E49B313-3F66-4C27-8AF3-275F8311DCED}.Debug|Any CPU.Build.0 = Debug|Any CPU
		{8E49B313-3F66-4C27-8AF3-275F8311DCED}.Release|Any CPU.ActiveCfg = Release|Any CPU
		{8E49B313-3F66-4C27-8AF3-275F8311DCED}.Release|Any CPU.Build.0 = Release|Any CPU
		{A38DB559-722B-487C-A956-0FA92CCB81CC}.Debug|Any CPU.ActiveCfg = Debug|Any CPU
		{A38DB559-722B-487C-A956-0FA92CCB81CC}.Debug|Any CPU.Build.0 = Debug|Any CPU
		{A38DB559-722B-487C-A956-0FA92CCB81CC}.Release|Any CPU.ActiveCfg = Release|Any CPU
		{A38DB559-722B-487C-A956-0FA92CCB81CC}.Release|Any CPU.Build.0 = Release|Any CPU
		{92F94A05-1E8E-4449-895A-AAC323D90308}.Debug|Any CPU.ActiveCfg = Debug|Any CPU
		{92F94A05-1E8E-4449-895A-AAC323D90308}.Debug|Any CPU.Build.0 = Debug|Any CPU
		{92F94A05-1E8E-4449-895A-AAC323D90308}.Release|Any CPU.ActiveCfg = Release|Any CPU
		{92F94A05-1E8E-4449-895A-AAC323D90308}.Release|Any CPU.Build.0 = Release|Any CPU
		{4297B673-8886-477A-8161-B5FF1A0617E9}.Debug|Any CPU.ActiveCfg = Debug|Any CPU
		{4297B673-8886-477A-8161-B5FF1A0617E9}.Debug|Any CPU.Build.0 = Debug|Any CPU
		{4297B673-8886-477A-8161-B5FF1A0617E9}.Release|Any CPU.ActiveCfg = Release|Any CPU
		{4297B673-8886-477A-8161-B5FF1A0617E9}.Release|Any CPU.Build.0 = Release|Any CPU
		{AC6D2910-533C-4A84-8D62-CFEECFD5E7C1}.Debug|Any CPU.ActiveCfg = Debug|Any CPU
		{AC6D2910-533C-4A84-8D62-CFEECFD5E7C1}.Debug|Any CPU.Build.0 = Debug|Any CPU
		{AC6D2910-533C-4A84-8D62-CFEECFD5E7C1}.Release|Any CPU.ActiveCfg = Release|Any CPU
		{AC6D2910-533C-4A84-8D62-CFEECFD5E7C1}.Release|Any CPU.Build.0 = Release|Any CPU
		{FE5D83F2-B280-4F25-9E8E-6720649F3CF7}.Debug|Any CPU.ActiveCfg = Debug|Any CPU
		{FE5D83F2-B280-4F25-9E8E-6720649F3CF7}.Debug|Any CPU.Build.0 = Debug|Any CPU
		{FE5D83F2-B280-4F25-9E8E-6720649F3CF7}.Release|Any CPU.ActiveCfg = Release|Any CPU
		{FE5D83F2-B280-4F25-9E8E-6720649F3CF7}.Release|Any CPU.Build.0 = Release|Any CPU
		{2EABBF5D-A793-4F50-99F7-4F7B09F78F39}.Debug|Any CPU.ActiveCfg = Debug|Any CPU
		{2EABBF5D-A793-4F50-99F7-4F7B09F78F39}.Debug|Any CPU.Build.0 = Debug|Any CPU
		{2EABBF5D-A793-4F50-99F7-4F7B09F78F39}.Release|Any CPU.ActiveCfg = Release|Any CPU
		{2EABBF5D-A793-4F50-99F7-4F7B09F78F39}.Release|Any CPU.Build.0 = Release|Any CPU
		{313D21FA-3C9D-458F-ACA0-1CF3AEA7AB8E}.Debug|Any CPU.ActiveCfg = Debug|Any CPU
		{313D21FA-3C9D-458F-ACA0-1CF3AEA7AB8E}.Debug|Any CPU.Build.0 = Debug|Any CPU
		{313D21FA-3C9D-458F-ACA0-1CF3AEA7AB8E}.Release|Any CPU.ActiveCfg = Release|Any CPU
		{313D21FA-3C9D-458F-ACA0-1CF3AEA7AB8E}.Release|Any CPU.Build.0 = Release|Any CPU
		{1E927CEA-0A04-4D7C-962C-2F5FE82C72C0}.Debug|Any CPU.ActiveCfg = Debug|Any CPU
		{1E927CEA-0A04-4D7C-962C-2F5FE82C72C0}.Debug|Any CPU.Build.0 = Debug|Any CPU
		{1E927CEA-0A04-4D7C-962C-2F5FE82C72C0}.Release|Any CPU.ActiveCfg = Release|Any CPU
		{1E927CEA-0A04-4D7C-962C-2F5FE82C72C0}.Release|Any CPU.Build.0 = Release|Any CPU
		{03D875F1-CF1B-45C1-9E51-629114AE99A8}.Debug|Any CPU.ActiveCfg = Debug|Any CPU
		{03D875F1-CF1B-45C1-9E51-629114AE99A8}.Debug|Any CPU.Build.0 = Debug|Any CPU
		{03D875F1-CF1B-45C1-9E51-629114AE99A8}.Release|Any CPU.ActiveCfg = Release|Any CPU
		{03D875F1-CF1B-45C1-9E51-629114AE99A8}.Release|Any CPU.Build.0 = Release|Any CPU
		{A2EA6890-BC33-43E7-92DF-2A8175D107EE}.Debug|Any CPU.ActiveCfg = Debug|Any CPU
		{A2EA6890-BC33-43E7-92DF-2A8175D107EE}.Debug|Any CPU.Build.0 = Debug|Any CPU
		{A2EA6890-BC33-43E7-92DF-2A8175D107EE}.Release|Any CPU.ActiveCfg = Release|Any CPU
		{A2EA6890-BC33-43E7-92DF-2A8175D107EE}.Release|Any CPU.Build.0 = Release|Any CPU
		{91A8BE9D-0E4B-4CA1-9352-581D21E57C30}.Debug|Any CPU.ActiveCfg = Debug|Any CPU
		{91A8BE9D-0E4B-4CA1-9352-581D21E57C30}.Debug|Any CPU.Build.0 = Debug|Any CPU
		{91A8BE9D-0E4B-4CA1-9352-581D21E57C30}.Release|Any CPU.ActiveCfg = Release|Any CPU
		{91A8BE9D-0E4B-4CA1-9352-581D21E57C30}.Release|Any CPU.Build.0 = Release|Any CPU
		{AA54A33C-268B-474D-86F6-F3C9E1A12955}.Debug|Any CPU.ActiveCfg = Debug|Any CPU
		{AA54A33C-268B-474D-86F6-F3C9E1A12955}.Debug|Any CPU.Build.0 = Debug|Any CPU
		{AA54A33C-268B-474D-86F6-F3C9E1A12955}.Release|Any CPU.ActiveCfg = Release|Any CPU
		{AA54A33C-268B-474D-86F6-F3C9E1A12955}.Release|Any CPU.Build.0 = Release|Any CPU
		{7525F16F-8DD9-432A-A5B1-5C645C3A4B56}.Debug|Any CPU.ActiveCfg = Debug|Any CPU
		{7525F16F-8DD9-432A-A5B1-5C645C3A4B56}.Debug|Any CPU.Build.0 = Debug|Any CPU
		{7525F16F-8DD9-432A-A5B1-5C645C3A4B56}.Release|Any CPU.ActiveCfg = Release|Any CPU
		{7525F16F-8DD9-432A-A5B1-5C645C3A4B56}.Release|Any CPU.Build.0 = Release|Any CPU
		{E2DBF7F8-E1B7-41AD-8CB9-EF8FD1D0EE2B}.Debug|Any CPU.ActiveCfg = Debug|Any CPU
		{E2DBF7F8-E1B7-41AD-8CB9-EF8FD1D0EE2B}.Debug|Any CPU.Build.0 = Debug|Any CPU
		{E2DBF7F8-E1B7-41AD-8CB9-EF8FD1D0EE2B}.Release|Any CPU.ActiveCfg = Release|Any CPU
		{E2DBF7F8-E1B7-41AD-8CB9-EF8FD1D0EE2B}.Release|Any CPU.Build.0 = Release|Any CPU
		{EBBE0A5E-452C-4DFD-9057-B3AF726E1A51}.Debug|Any CPU.ActiveCfg = Debug|Any CPU
		{EBBE0A5E-452C-4DFD-9057-B3AF726E1A51}.Debug|Any CPU.Build.0 = Debug|Any CPU
		{EBBE0A5E-452C-4DFD-9057-B3AF726E1A51}.Release|Any CPU.ActiveCfg = Release|Any CPU
		{EBBE0A5E-452C-4DFD-9057-B3AF726E1A51}.Release|Any CPU.Build.0 = Release|Any CPU
		{55937AC4-D792-4090-B837-7DF9B8EA05EE}.Debug|Any CPU.ActiveCfg = Debug|Any CPU
		{55937AC4-D792-4090-B837-7DF9B8EA05EE}.Debug|Any CPU.Build.0 = Debug|Any CPU
		{55937AC4-D792-4090-B837-7DF9B8EA05EE}.Release|Any CPU.ActiveCfg = Release|Any CPU
		{55937AC4-D792-4090-B837-7DF9B8EA05EE}.Release|Any CPU.Build.0 = Release|Any CPU
		{5BB84D99-3632-4324-8904-CF104E7710A8}.Debug|Any CPU.ActiveCfg = Debug|Any CPU
		{5BB84D99-3632-4324-8904-CF104E7710A8}.Debug|Any CPU.Build.0 = Debug|Any CPU
		{5BB84D99-3632-4324-8904-CF104E7710A8}.Release|Any CPU.ActiveCfg = Release|Any CPU
		{5BB84D99-3632-4324-8904-CF104E7710A8}.Release|Any CPU.Build.0 = Release|Any CPU
		{5C31F349-0E1F-4909-AC1D-667C55B83B7C}.Debug|Any CPU.ActiveCfg = Debug|Any CPU
		{5C31F349-0E1F-4909-AC1D-667C55B83B7C}.Debug|Any CPU.Build.0 = Debug|Any CPU
		{5C31F349-0E1F-4909-AC1D-667C55B83B7C}.Release|Any CPU.ActiveCfg = Release|Any CPU
		{5C31F349-0E1F-4909-AC1D-667C55B83B7C}.Release|Any CPU.Build.0 = Release|Any CPU
		{94C4C23E-CC84-4C20-A1FF-D6EBBD283A02}.Debug|Any CPU.ActiveCfg = Debug|Any CPU
		{94C4C23E-CC84-4C20-A1FF-D6EBBD283A02}.Debug|Any CPU.Build.0 = Debug|Any CPU
		{94C4C23E-CC84-4C20-A1FF-D6EBBD283A02}.Release|Any CPU.ActiveCfg = Release|Any CPU
		{94C4C23E-CC84-4C20-A1FF-D6EBBD283A02}.Release|Any CPU.Build.0 = Release|Any CPU
	EndGlobalSection
	GlobalSection(SolutionProperties) = preSolution
		HideSolutionNode = FALSE
	EndGlobalSection
	GlobalSection(NestedProjects) = preSolution
		{BBE4F732-8CA0-4C33-8748-B8CF23FCBAAC} = {2B682A3E-0166-4633-8B1D-AF870917F6B5}
		{D1776BD7-FE05-46EF-AB1A-CDDED2ACE00F} = {2B682A3E-0166-4633-8B1D-AF870917F6B5}
		{8E1418F6-6E70-4FEF-861C-0D179D473CAF} = {2B682A3E-0166-4633-8B1D-AF870917F6B5}
		{41116D1E-60CB-4FA2-8EEF-B78141F46BB7} = {2B682A3E-0166-4633-8B1D-AF870917F6B5}
		{B46EC0F0-CE91-482F-BBD6-DB21DF4C757B} = {2B682A3E-0166-4633-8B1D-AF870917F6B5}
		{3FA3E518-2263-4830-AF9B-23AFD9CA9E5F} = {2B682A3E-0166-4633-8B1D-AF870917F6B5}
		{273B09C8-D637-4D13-8468-7CFA6CDD54CB} = {9F0BB056-3A17-469B-943C-4079D0D16DB7}
		{F2C1F118-2C6D-4BFF-859D-433B73637DFA} = {9F0BB056-3A17-469B-943C-4079D0D16DB7}
		{CD966565-AD78-4275-A506-8AA7E5AF9EBC} = {9F0BB056-3A17-469B-943C-4079D0D16DB7}
		{CE8B8D13-E1C8-4B5D-B0CA-903CE852675C} = {9F0BB056-3A17-469B-943C-4079D0D16DB7}
		{AF57D8CA-83EB-4466-B831-4783D7C0D82A} = {9F0BB056-3A17-469B-943C-4079D0D16DB7}
		{BF8DA0ED-DE87-45BC-B7B7-DF18841BE7B6} = {9F0BB056-3A17-469B-943C-4079D0D16DB7}
		{A9E12757-EE95-422E-A378-B55C13B6EB09} = {AB538C19-D647-4282-BC7C-6643493372AF}
		{74CC8C2E-FA0F-4979-AE21-559119A225B3} = {AB538C19-D647-4282-BC7C-6643493372AF}
		{6F46B10F-2E88-49B9-B016-AAEDBB953768} = {AB538C19-D647-4282-BC7C-6643493372AF}
		{824900DA-7D38-4C22-8110-EC53343030C1} = {AB538C19-D647-4282-BC7C-6643493372AF}
		{AD1F8BE4-0C0E-4E44-B91E-A6125C6D6FA7} = {AB538C19-D647-4282-BC7C-6643493372AF}
		{EBD78018-4343-4661-B47E-FB464AA73A66} = {AB538C19-D647-4282-BC7C-6643493372AF}
		{3B7D67DD-FB62-489D-9200-F33F93DFF7F3} = {AB538C19-D647-4282-BC7C-6643493372AF}
		{1C79865B-1B26-46D9-957F-42C1303CA777} = {242B216E-7069-4CC9-B994-A6D2D3DC45F8}
		{7F6B767D-871C-473F-B304-E9FAA5493041} = {242B216E-7069-4CC9-B994-A6D2D3DC45F8}
		{B94AF5B1-75F8-458F-B7A1-801D3F1C246E} = {242B216E-7069-4CC9-B994-A6D2D3DC45F8}
		{63E236A9-4C94-43FB-B844-AA911F6221A0} = {242B216E-7069-4CC9-B994-A6D2D3DC45F8}
		{9A702148-27F6-4918-91D9-9899252ACDE4} = {242B216E-7069-4CC9-B994-A6D2D3DC45F8}
		{8E49B313-3F66-4C27-8AF3-275F8311DCED} = {242B216E-7069-4CC9-B994-A6D2D3DC45F8}
		{A38DB559-722B-487C-A956-0FA92CCB81CC} = {242B216E-7069-4CC9-B994-A6D2D3DC45F8}
		{92F94A05-1E8E-4449-895A-AAC323D90308} = {D087794E-931B-491C-85BF-DD40FF74C4B6}
		{4297B673-8886-477A-8161-B5FF1A0617E9} = {D087794E-931B-491C-85BF-DD40FF74C4B6}
		{AC6D2910-533C-4A84-8D62-CFEECFD5E7C1} = {D087794E-931B-491C-85BF-DD40FF74C4B6}
		{FE5D83F2-B280-4F25-9E8E-6720649F3CF7} = {36AF592F-4785-449F-8EEB-D30B4F2AE4AF}
		{2EABBF5D-A793-4F50-99F7-4F7B09F78F39} = {36AF592F-4785-449F-8EEB-D30B4F2AE4AF}
		{313D21FA-3C9D-458F-ACA0-1CF3AEA7AB8E} = {36AF592F-4785-449F-8EEB-D30B4F2AE4AF}
		{1E927CEA-0A04-4D7C-962C-2F5FE82C72C0} = {319BC0D1-00DB-41E7-BDC2-1CF47E8EF382}
		{03D875F1-CF1B-45C1-9E51-629114AE99A8} = {319BC0D1-00DB-41E7-BDC2-1CF47E8EF382}
		{A2EA6890-BC33-43E7-92DF-2A8175D107EE} = {319BC0D1-00DB-41E7-BDC2-1CF47E8EF382}
		{91A8BE9D-0E4B-4CA1-9352-581D21E57C30} = {319BC0D1-00DB-41E7-BDC2-1CF47E8EF382}
		{AA54A33C-268B-474D-86F6-F3C9E1A12955} = {319BC0D1-00DB-41E7-BDC2-1CF47E8EF382}
		{7525F16F-8DD9-432A-A5B1-5C645C3A4B56} = {A5185F3A-F6AE-4C56-996E-D43A9D0F592B}
		{E2DBF7F8-E1B7-41AD-8CB9-EF8FD1D0EE2B} = {A5185F3A-F6AE-4C56-996E-D43A9D0F592B}
		{EBBE0A5E-452C-4DFD-9057-B3AF726E1A51} = {A5185F3A-F6AE-4C56-996E-D43A9D0F592B}
		{55937AC4-D792-4090-B837-7DF9B8EA05EE} = {6CCCA82A-8BD2-446B-95F2-59A0627DD3C2}
		{5BB84D99-3632-4324-8904-CF104E7710A8} = {87C9C43F-6005-4B05-8965-4F1ABAF4D603}
		{5C31F349-0E1F-4909-AC1D-667C55B83B7C} = {EAE18406-8A18-420A-A71C-3BDB88829FCA}
		{94C4C23E-CC84-4C20-A1FF-D6EBBD283A02} = {D7D4EA93-72AD-4EC4-9DDB-EF92F983559C}
	EndGlobalSection
	GlobalSection(ExtensibilityGlobals) = postSolution
		SolutionGuid = {BE13C57D-7711-42CA-AF08-27DE43FC2A45}
	EndGlobalSection
EndGlobal
